
Microsoft Visual Studio Solution File, Format Version 12.00
# Visual Studio Version 16
VisualStudioVersion = 16.0.31205.134
MinimumVisualStudioVersion = 10.0.40219.1
Project("{9A19103F-16F7-4668-BE54-9A1E7A4F7556}") = "Maka2", "Maka2.csproj", "{E5D63FBE-BA45-4609-8013-257D305851FE}"
EndProject
Global
	GlobalSection(SolutionConfigurationPlatforms) = preSolution
		Debug|Any CPU = Debug|Any CPU
		Release|Any CPU = Release|Any CPU
	EndGlobalSection
	GlobalSection(ProjectConfigurationPlatforms) = postSolution
		{E5D63FBE-BA45-4609-8013-257D305851FE}.Debug|Any CPU.ActiveCfg = Debug|Any CPU
		{E5D63FBE-BA45-4609-8013-257D305851FE}.Debug|Any CPU.Build.0 = Debug|Any CPU
		{E5D63FBE-BA45-4609-8013-257D305851FE}.Release|Any CPU.ActiveCfg = Release|Any CPU
		{E5D63FBE-BA45-4609-8013-257D305851FE}.Release|Any CPU.Build.0 = Release|Any CPU
	EndGlobalSection
	GlobalSection(SolutionProperties) = preSolution
		HideSolutionNode = FALSE
	EndGlobalSection
	GlobalSection(ExtensibilityGlobals) = postSolution
		SolutionGuid = {0BD9880C-55FB-42DC-93AB-BFF492EF0685}
	EndGlobalSection
EndGlobal
